{
  "name": "xulogger",
  "version": "1.0.0",
  "lockfileVersion": 1,
  "requires": true,
  "dependencies": {
    "@types/node": {
      "version": "9.3.0",
      "resolved": "https://registry.npmjs.org/@types/node/-/node-9.3.0.tgz",
      "integrity": "sha512-wNBfvNjzsJl4tswIZKXCFQY0lss9nKUyJnG6T94X/eqjRgI2jHZ4evdjhQYBSan/vGtF6XVXPApOmNH2rf0KKw==",
      "dev": true
    },
    "colors.ts": {
      "version": "1.0.19",
      "resolved": "https://registry.npmjs.org/colors.ts/-/colors.ts-1.0.19.tgz",
      "integrity": "sha512-iucnEBY33qIiM/dl+wNQjku5h/v2TwypFO8QekGV0rP073jtF2CZKsvXrmEnUXachlK4a3HA+nze/A/rWOx+Cg=="
    }
  }
}
